
Microsoft Visual Studio Solution File, Format Version 12.00
# Visual Studio 15
VisualStudioVersion = 15.0.27130.2036
MinimumVisualStudioVersion = 10.0.40219.1
Project("{A07B5EB6-E848-4116-A8D0-A826331D98C6}") = "SF.EventSourceSample", "SF.EventSourceSample\SF.EventSourceSample.sfproj", "{1386236B-395E-4EB1-BCE1-EF92EF4EFE6C}"
EndProject
Project("{FAE04EC0-301F-11D3-BF4B-00C04F79EFBC}") = "SampleWebService", "SampleWebService\SampleWebService.csproj", "{70D63648-E6BD-4113-9F5E-080CDA7733C6}"
EndProject
Global
	GlobalSection(SolutionConfigurationPlatforms) = preSolution
		Debug|Any CPU = Debug|Any CPU
		Debug|x64 = Debug|x64
		Release|Any CPU = Release|Any CPU
		Release|x64 = Release|x64
	EndGlobalSection
	GlobalSection(ProjectConfigurationPlatforms) = postSolution
		{1386236B-395E-4EB1-BCE1-EF92EF4EFE6C}.Debug|Any CPU.ActiveCfg = Debug|x64
		{1386236B-395E-4EB1-BCE1-EF92EF4EFE6C}.Debug|x64.ActiveCfg = Debug|x64
		{1386236B-395E-4EB1-BCE1-EF92EF4EFE6C}.Debug|x64.Build.0 = Debug|x64
		{1386236B-395E-4EB1-BCE1-EF92EF4EFE6C}.Debug|x64.Deploy.0 = Debug|x64
		{1386236B-395E-4EB1-BCE1-EF92EF4EFE6C}.Release|Any CPU.ActiveCfg = Release|x64
		{1386236B-395E-4EB1-BCE1-EF92EF4EFE6C}.Release|x64.ActiveCfg = Release|x64
		{1386236B-395E-4EB1-BCE1-EF92EF4EFE6C}.Release|x64.Build.0 = Release|x64
		{1386236B-395E-4EB1-BCE1-EF92EF4EFE6C}.Release|x64.Deploy.0 = Release|x64
		{70D63648-E6BD-4113-9F5E-080CDA7733C6}.Debug|Any CPU.ActiveCfg = Debug|Any CPU
		{70D63648-E6BD-4113-9F5E-080CDA7733C6}.Debug|Any CPU.Build.0 = Debug|Any CPU
		{70D63648-E6BD-4113-9F5E-080CDA7733C6}.Debug|x64.ActiveCfg = Debug|Any CPU
		{70D63648-E6BD-4113-9F5E-080CDA7733C6}.Debug|x64.Build.0 = Debug|Any CPU
		{70D63648-E6BD-4113-9F5E-080CDA7733C6}.Release|Any CPU.ActiveCfg = Release|Any CPU
		{70D63648-E6BD-4113-9F5E-080CDA7733C6}.Release|Any CPU.Build.0 = Release|Any CPU
		{70D63648-E6BD-4113-9F5E-080CDA7733C6}.Release|x64.ActiveCfg = Release|Any CPU
		{70D63648-E6BD-4113-9F5E-080CDA7733C6}.Release|x64.Build.0 = Release|Any CPU
	EndGlobalSection
	GlobalSection(SolutionProperties) = preSolution
		HideSolutionNode = FALSE
	EndGlobalSection
	GlobalSection(ExtensibilityGlobals) = postSolution
		SolutionGuid = {3C2B0A26-303C-48BB-8B58-204F27E58DDF}
	EndGlobalSection
EndGlobal
